
Microsoft Visual Studio Solution File, Format Version 12.00
# Visual Studio Version 16
VisualStudioVersion = 16.0.29306.81
MinimumVisualStudioVersion = 10.0.40219.1
Project("{FAE04EC0-301F-11D3-BF4B-00C04F79EFBC}") = "Turniermanager", "Eventmanager\Turniermanager.csproj", "{303CCC8B-27B9-4613-8C47-7F90B1ABF13D}"
EndProject
Global
	GlobalSection(SolutionConfigurationPlatforms) = preSolution
		Debug|Any CPU = Debug|Any CPU
		Release|Any CPU = Release|Any CPU
	EndGlobalSection
	GlobalSection(ProjectConfigurationPlatforms) = postSolution
		{303CCC8B-27B9-4613-8C47-7F90B1ABF13D}.Debug|Any CPU.ActiveCfg = Debug|Any CPU
		{303CCC8B-27B9-4613-8C47-7F90B1ABF13D}.Debug|Any CPU.Build.0 = Debug|Any CPU
		{303CCC8B-27B9-4613-8C47-7F90B1ABF13D}.Release|Any CPU.ActiveCfg = Release|Any CPU
		{303CCC8B-27B9-4613-8C47-7F90B1ABF13D}.Release|Any CPU.Build.0 = Release|Any CPU
	EndGlobalSection
	GlobalSection(SolutionProperties) = preSolution
		HideSolutionNode = FALSE
	EndGlobalSection
	GlobalSection(ExtensibilityGlobals) = postSolution
		SolutionGuid = {4453DF08-DB3D-404E-AACA-F2D9BA692001}
	EndGlobalSection
EndGlobal
